
Microsoft Visual Studio Solution File, Format Version 12.00
Project("{FAE04EC0-301F-11D3-BF4B-00C04F79EFBC}") = "WebApplication1", "WebApplication1\WebApplication1.csproj", "{C5B8DB36-EC73-4606-B825-576E3A4BF53D}"
EndProject
Project("{FAE04EC0-301F-11D3-BF4B-00C04F79EFBC}") = "WebApplication1.Tests", "WebApplication1.Tests\WebApplication1.Tests.csproj", "{B1C398B7-8509-4322-AAF6-C57210C16623}"
EndProject
Global
	GlobalSection(SolutionConfigurationPlatforms) = preSolution
		Debug|Any CPU = Debug|Any CPU
		Release|Any CPU = Release|Any CPU
	EndGlobalSection
	GlobalSection(ProjectConfigurationPlatforms) = postSolution
		{C5B8DB36-EC73-4606-B825-576E3A4BF53D}.Debug|Any CPU.ActiveCfg = Debug|Any CPU
		{C5B8DB36-EC73-4606-B825-576E3A4BF53D}.Debug|Any CPU.Build.0 = Debug|Any CPU
		{C5B8DB36-EC73-4606-B825-576E3A4BF53D}.Release|Any CPU.ActiveCfg = Release|Any CPU
		{C5B8DB36-EC73-4606-B825-576E3A4BF53D}.Release|Any CPU.Build.0 = Release|Any CPU
		{B1C398B7-8509-4322-AAF6-C57210C16623}.Debug|Any CPU.ActiveCfg = Debug|Any CPU
		{B1C398B7-8509-4322-AAF6-C57210C16623}.Debug|Any CPU.Build.0 = Debug|Any CPU
		{B1C398B7-8509-4322-AAF6-C57210C16623}.Release|Any CPU.ActiveCfg = Release|Any CPU
		{B1C398B7-8509-4322-AAF6-C57210C16623}.Release|Any CPU.Build.0 = Release|Any CPU
	EndGlobalSection
EndGlobal
